// !$*UTF8*$!
{
	archiveVersion = 1;
	classes = {
	};
	objectVersion = 56;
	objects = {

/* Begin PBXBuildFile section */
		48420E0A2C4077AA00209B68 /* WeatherUI.swift in Sources */ = {isa = PBXBuildFile; fileRef = 48420E092C4077AA00209B68 /* WeatherUI.swift */; };
		48420E0C2C4091C100209B68 /* DrawWeatherIcon.swift in Sources */ = {isa = PBXBuildFile; fileRef = 48420E0B2C4091C100209B68 /* DrawWeatherIcon.swift */; };
		D9091F0B2C3DB3AC00A3410D /* AppDelegate.swift in Sources */ = {isa = PBXBuildFile; fileRef = D9091F0A2C3DB3AC00A3410D /* AppDelegate.swift */; };
		D9091F0D2C3DB3AC00A3410D /* SceneDelegate.swift in Sources */ = {isa = PBXBuildFile; fileRef = D9091F0C2C3DB3AC00A3410D /* SceneDelegate.swift */; };
		D9091F0F2C3DB3AC00A3410D /* ViewController.swift in Sources */ = {isa = PBXBuildFile; fileRef = D9091F0E2C3DB3AC00A3410D /* ViewController.swift */; };
		D9091F122C3DB3AC00A3410D /* Base in Resources */ = {isa = PBXBuildFile; fileRef = D9091F112C3DB3AC00A3410D /* Base */; };
		D9091F142C3DB3AD00A3410D /* Assets.xcassets in Resources */ = {isa = PBXBuildFile; fileRef = D9091F132C3DB3AD00A3410D /* Assets.xcassets */; };
		D9091F172C3DB3AD00A3410D /* Base in Resources */ = {isa = PBXBuildFile; fileRef = D9091F162C3DB3AD00A3410D /* Base */; };
		D9091F212C4070CE00A3410D /* WeatherService.swift in Sources */ = {isa = PBXBuildFile; fileRef = D9091F202C4070CE00A3410D /* WeatherService.swift */; };
		D9091F232C407A1A00A3410D /* CityListViewController.swift in Sources */ = {isa = PBXBuildFile; fileRef = D9091F222C407A1A00A3410D /* CityListViewController.swift */; };
		D96658D62C41BFF600A359E6 /* CityListViewTableCell.swift in Sources */ = {isa = PBXBuildFile; fileRef = D96658D52C41BFF600A359E6 /* CityListViewTableCell.swift */; };
/* End PBXBuildFile section */

/* Begin PBXFileReference section */
		48420E092C4077AA00209B68 /* WeatherUI.swift */ = {isa = PBXFileReference; lastKnownFileType = sourcecode.swift; path = WeatherUI.swift; sourceTree = "<group>"; };
		48420E0B2C4091C100209B68 /* DrawWeatherIcon.swift */ = {isa = PBXFileReference; lastKnownFileType = sourcecode.swift; path = DrawWeatherIcon.swift; sourceTree = "<group>"; };
		D9091F072C3DB3AC00A3410D /* SimpleWeatherApp.app */ = {isa = PBXFileReference; explicitFileType = wrapper.application; includeInIndex = 0; path = SimpleWeatherApp.app; sourceTree = BUILT_PRODUCTS_DIR; };
		D9091F0A2C3DB3AC00A3410D /* AppDelegate.swift */ = {isa = PBXFileReference; lastKnownFileType = sourcecode.swift; path = AppDelegate.swift; sourceTree = "<group>"; };
		D9091F0C2C3DB3AC00A3410D /* SceneDelegate.swift */ = {isa = PBXFileReference; lastKnownFileType = sourcecode.swift; path = SceneDelegate.swift; sourceTree = "<group>"; };
		D9091F0E2C3DB3AC00A3410D /* ViewController.swift */ = {isa = PBXFileReference; lastKnownFileType = sourcecode.swift; path = ViewController.swift; sourceTree = "<group>"; };
		D9091F112C3DB3AC00A3410D /* Base */ = {isa = PBXFileReference; lastKnownFileType = file.storyboard; name = Base; path = Base.lproj/Main.storyboard; sourceTree = "<group>"; };
		D9091F132C3DB3AD00A3410D /* Assets.xcassets */ = {isa = PBXFileReference; lastKnownFileType = folder.assetcatalog; path = Assets.xcassets; sourceTree = "<group>"; };
		D9091F162C3DB3AD00A3410D /* Base */ = {isa = PBXFileReference; lastKnownFileType = file.storyboard; name = Base; path = Base.lproj/LaunchScreen.storyboard; sourceTree = "<group>"; };
		D9091F182C3DB3AD00A3410D /* Info.plist */ = {isa = PBXFileReference; lastKnownFileType = text.plist.xml; path = Info.plist; sourceTree = "<group>"; };
		D9091F202C4070CE00A3410D /* WeatherService.swift */ = {isa = PBXFileReference; lastKnownFileType = sourcecode.swift; path = WeatherService.swift; sourceTree = "<group>"; };
		D9091F222C407A1A00A3410D /* CityListViewController.swift */ = {isa = PBXFileReference; lastKnownFileType = sourcecode.swift; path = CityListViewController.swift; sourceTree = "<group>"; };
		D96658D52C41BFF600A359E6 /* CityListViewTableCell.swift */ = {isa = PBXFileReference; lastKnownFileType = sourcecode.swift; path = CityListViewTableCell.swift; sourceTree = "<group>"; };
/* End PBXFileReference section */

/* Begin PBXFrameworksBuildPhase section */
		D9091F042C3DB3AC00A3410D /* Frameworks */ = {
			isa = PBXFrameworksBuildPhase;
			buildActionMask = 2147483647;
			files = (
			);
			runOnlyForDeploymentPostprocessing = 0;
		};
/* End PBXFrameworksBuildPhase section */

/* Begin PBXGroup section */
		D9091EFE2C3DB3AC00A3410D = {
			isa = PBXGroup;
			children = (
				D9091F092C3DB3AC00A3410D /* SimpleWeatherApp */,
				D9091F082C3DB3AC00A3410D /* Products */,
			);
			sourceTree = "<group>";
		};
		D9091F082C3DB3AC00A3410D /* Products */ = {
			isa = PBXGroup;
			children = (
				D9091F072C3DB3AC00A3410D /* SimpleWeatherApp.app */,
			);
			name = Products;
			sourceTree = "<group>";
		};
		D9091F092C3DB3AC00A3410D /* SimpleWeatherApp */ = {
			isa = PBXGroup;
			children = (
				D9091F0A2C3DB3AC00A3410D /* AppDelegate.swift */,
				D9091F222C407A1A00A3410D /* CityListViewController.swift */,
				D96658D52C41BFF600A359E6 /* CityListViewTableCell.swift */,
				48420E0B2C4091C100209B68 /* DrawWeatherIcon.swift */,
				D9091F0C2C3DB3AC00A3410D /* SceneDelegate.swift */,
				D9091F0E2C3DB3AC00A3410D /* ViewController.swift */,
				D9091F202C4070CE00A3410D /* WeatherService.swift */,
				48420E092C4077AA00209B68 /* WeatherUI.swift */,
				D9091F102C3DB3AC00A3410D /* Main.storyboard */,
				D9091F132C3DB3AD00A3410D /* Assets.xcassets */,
				D9091F152C3DB3AD00A3410D /* LaunchScreen.storyboard */,
				D9091F182C3DB3AD00A3410D /* Info.plist */,
			);
			path = SimpleWeatherApp;
			sourceTree = "<group>";
		};
/* End PBXGroup section */

/* Begin PBXNativeTarget section */
		D9091F062C3DB3AC00A3410D /* SimpleWeatherApp */ = {
			isa = PBXNativeTarget;
			buildConfigurationList = D9091F1B2C3DB3AD00A3410D /* Build configuration list for PBXNativeTarget "SimpleWeatherApp" */;
			buildPhases = (
				D9091F032C3DB3AC00A3410D /* Sources */,
				D9091F042C3DB3AC00A3410D /* Frameworks */,
				D9091F052C3DB3AC00A3410D /* Resources */,
			);
			buildRules = (
			);
			dependencies = (
			);
			name = SimpleWeatherApp;
			productName = SimpleWeatherApp;
			productReference = D9091F072C3DB3AC00A3410D /* SimpleWeatherApp.app */;
			productType = "com.apple.product-type.application";
		};
/* End PBXNativeTarget section */

/* Begin PBXProject section */
		D9091EFF2C3DB3AC00A3410D /* Project object */ = {
			isa = PBXProject;
			attributes = {
				BuildIndependentTargetsInParallel = 1;
				LastSwiftUpdateCheck = 1540;
				LastUpgradeCheck = 1540;
				TargetAttributes = {
					D9091F062C3DB3AC00A3410D = {
						CreatedOnToolsVersion = 15.4;
					};
				};
			};
			buildConfigurationList = D9091F022C3DB3AC00A3410D /* Build configuration list for PBXProject "SimpleWeatherApp" */;
			compatibilityVersion = "Xcode 14.0";
			developmentRegion = en;
			hasScannedForEncodings = 0;
			knownRegions = (
				en,
				Base,
			);
			mainGroup = D9091EFE2C3DB3AC00A3410D;
			productRefGroup = D9091F082C3DB3AC00A3410D /* Products */;
			projectDirPath = "";
			projectRoot = "";
			targets = (
				D9091F062C3DB3AC00A3410D /* SimpleWeatherApp */,
			);
		};
/* End PBXProject section */

/* Begin PBXResourcesBuildPhase section */
		D9091F052C3DB3AC00A3410D /* Resources */ = {
			isa = PBXResourcesBuildPhase;
			buildActionMask = 2147483647;
			files = (
				D9091F142C3DB3AD00A3410D /* Assets.xcassets in Resources */,
				D9091F172C3DB3AD00A3410D /* Base in Resources */,
				D9091F122C3DB3AC00A3410D /* Base in Resources */,
			);
			runOnlyForDeploymentPostprocessing = 0;
		};
/* End PBXResourcesBuildPhase section */

/* Begin PBXSourcesBuildPhase section */
		D9091F032C3DB3AC00A3410D /* Sources */ = {
			isa = PBXSourcesBuildPhase;
			buildActionMask = 2147483647;
			files = (
				D9091F212C4070CE00A3410D /* WeatherService.swift in Sources */,
				D9091F0F2C3DB3AC00A3410D /* ViewController.swift in Sources */,
				D9091F0B2C3DB3AC00A3410D /* AppDelegate.swift in Sources */,
				D9091F0D2C3DB3AC00A3410D /* SceneDelegate.swift in Sources */,
				48420E0A2C4077AA00209B68 /* WeatherUI.swift in Sources */,
				D9091F232C407A1A00A3410D /* CityListViewController.swift in Sources */,
				D96658D62C41BFF600A359E6 /* CityListViewTableCell.swift in Sources */,
				48420E0C2C4091C100209B68 /* DrawWeatherIcon.swift in Sources */,
			);
			runOnlyForDeploymentPostprocessing = 0;
		};
/* End PBXSourcesBuildPhase section */

/* Begin PBXVariantGroup section */
		D9091F102C3DB3AC00A3410D /* Main.storyboard */ = {
			isa = PBXVariantGroup;
			children = (
				D9091F112C3DB3AC00A3410D /* Base */,
			);
			name = Main.storyboard;
			sourceTree = "<group>";
		};
		D9091F152C3DB3AD00A3410D /* LaunchScreen.storyboard */ = {
			isa = PBXVariantGroup;
			children = (
				D9091F162C3DB3AD00A3410D /* Base */,
			);
			name = LaunchScreen.storyboard;
			sourceTree = "<group>";
		};
/* End PBXVariantGroup section */

/* Begin XCBuildConfiguration section */
		D9091F192C3DB3AD00A3410D /* Debug */ = {
			isa = XCBuildConfiguration;
			buildSettings = {
				ALWAYS_SEARCH_USER_PATHS = NO;
				ASSETCATALOG_COMPILER_GENERATE_SWIFT_ASSET_SYMBOL_EXTENSIONS = YES;
				CLANG_ANALYZER_NONNULL = YES;
				CLANG_ANALYZER_NUMBER_OBJECT_CONVERSION = YES_AGGRESSIVE;
				CLANG_CXX_LANGUAGE_STANDARD = "gnu++20";
				CLANG_ENABLE_MODULES = YES;
				CLANG_ENABLE_OBJC_ARC = YES;
				CLANG_ENABLE_OBJC_WEAK = YES;
				CLANG_WARN_BLOCK_CAPTURE_AUTORELEASING = YES;
				CLANG_WARN_BOOL_CONVERSION = YES;
				CLANG_WARN_COMMA = YES;
				CLANG_WARN_CONSTANT_CONVERSION = YES;
				CLANG_WARN_DEPRECATED_OBJC_IMPLEMENTATIONS = YES;
				CLANG_WARN_DIRECT_OBJC_ISA_USAGE = YES_ERROR;
				CLANG_WARN_DOCUMENTATION_COMMENTS = YES;
				CLANG_WARN_EMPTY_BODY = YES;
				CLANG_WARN_ENUM_CONVERSION = YES;
				CLANG_WARN_INFINITE_RECURSION = YES;
				CLANG_WARN_INT_CONVERSION = YES;
				CLANG_WARN_NON_LITERAL_NULL_CONVERSION = YES;
				CLANG_WARN_OBJC_IMPLICIT_RETAIN_SELF = YES;
				CLANG_WARN_OBJC_LITERAL_CONVERSION = YES;
				CLANG_WARN_OBJC_ROOT_CLASS = YES_ERROR;
				CLANG_WARN_QUOTED_INCLUDE_IN_FRAMEWORK_HEADER = YES;
				CLANG_WARN_RANGE_LOOP_ANALYSIS = YES;
				CLANG_WARN_STRICT_PROTOTYPES = YES;
				CLANG_WARN_SUSPICIOUS_MOVE = YES;
				CLANG_WARN_UNGUARDED_AVAILABILITY = YES_AGGRESSIVE;
				CLANG_WARN_UNREACHABLE_CODE = YES;
				CLANG_WARN__DUPLICATE_METHOD_MATCH = YES;
				COPY_PHASE_STRIP = NO;
				DEBUG_INFORMATION_FORMAT = dwarf;
				ENABLE_STRICT_OBJC_MSGSEND = YES;
				ENABLE_TESTABILITY = YES;
				ENABLE_USER_SCRIPT_SANDBOXING = YES;
				GCC_C_LANGUAGE_STANDARD = gnu17;
				GCC_DYNAMIC_NO_PIC = NO;
				GCC_NO_COMMON_BLOCKS = YES;
				GCC_OPTIMIZATION_LEVEL = 0;
				GCC_PREPROCESSOR_DEFINITIONS = (
					"DEBUG=1",
					"$(inherited)",
				);
				GCC_WARN_64_TO_32_BIT_CONVERSION = YES;
				GCC_WARN_ABOUT_RETURN_TYPE = YES_ERROR;
				GCC_WARN_UNDECLARED_SELECTOR = YES;
				GCC_WARN_UNINITIALIZED_AUTOS = YES_AGGRESSIVE;
				GCC_WARN_UNUSED_FUNCTION = YES;
				GCC_WARN_UNUSED_VARIABLE = YES;
				IPHONEOS_DEPLOYMENT_TARGET = 17.5;
				LOCALIZATION_PREFERS_STRING_CATALOGS = YES;
				MTL_ENABLE_DEBUG_INFO = INCLUDE_SOURCE;
				MTL_FAST_MATH = YES;
				ONLY_ACTIVE_ARCH = YES;
				SDKROOT = iphoneos;
				SWIFT_ACTIVE_COMPILATION_CONDITIONS = "DEBUG $(inherited)";
				SWIFT_OPTIMIZATION_LEVEL = "-Onone";
			};
			name = Debug;
		};
		D9091F1A2C3DB3AD00A3410D /* Release */ = {
			isa = XCBuildConfiguration;
			buildSettings = {
				ALWAYS_SEARCH_USER_PATHS = NO;
				ASSETCATALOG_COMPILER_GENERATE_SWIFT_ASSET_SYMBOL_EXTENSIONS = YES;
				CLANG_ANALYZER_NONNULL = YES;
				CLANG_ANALYZER_NUMBER_OBJECT_CONVERSION = YES_AGGRESSIVE;
				CLANG_CXX_LANGUAGE_STANDARD = "gnu++20";
				CLANG_ENABLE_MODULES = YES;
				CLANG_ENABLE_OBJC_ARC = YES;
				CLANG_ENABLE_OBJC_WEAK = YES;
				CLANG_WARN_BLOCK_CAPTURE_AUTORELEASING = YES;
				CLANG_WARN_BOOL_CONVERSION = YES;
				CLANG_WARN_COMMA = YES;
				CLANG_WARN_CONSTANT_CONVERSION = YES;
				CLANG_WARN_DEPRECATED_OBJC_IMPLEMENTATIONS = YES;
				CLANG_WARN_DIRECT_OBJC_ISA_USAGE = YES_ERROR;
				CLANG_WARN_DOCUMENTATION_COMMENTS = YES;
				CLANG_WARN_EMPTY_BODY = YES;
				CLANG_WARN_ENUM_CONVERSION = YES;
				CLANG_WARN_INFINITE_RECURSION = YES;
				CLANG_WARN_INT_CONVERSION = YES;
				CLANG_WARN_NON_LITERAL_NULL_CONVERSION = YES;
				CLANG_WARN_OBJC_IMPLICIT_RETAIN_SELF = YES;
				CLANG_WARN_OBJC_LITERAL_CONVERSION = YES;
				CLANG_WARN_OBJC_ROOT_CLASS = YES_ERROR;
				CLANG_WARN_QUOTED_INCLUDE_IN_FRAMEWORK_HEADER = YES;
				CLANG_WARN_RANGE_LOOP_ANALYSIS = YES;
				CLANG_WARN_STRICT_PROTOTYPES = YES;
				CLANG_WARN_SUSPICIOUS_MOVE = YES;
				CLANG_WARN_UNGUARDED_AVAILABILITY = YES_AGGRESSIVE;
				CLANG_WARN_UNREACHABLE_CODE = YES;
				CLANG_WARN__DUPLICATE_METHOD_MATCH = YES;
				COPY_PHASE_STRIP = NO;
				DEBUG_INFORMATION_FORMAT = "dwarf-with-dsym";
				ENABLE_NS_ASSERTIONS = NO;
				ENABLE_STRICT_OBJC_MSGSEND = YES;
				ENABLE_USER_SCRIPT_SANDBOXING = YES;
				GCC_C_LANGUAGE_STANDARD = gnu17;
				GCC_NO_COMMON_BLOCKS = YES;
				GCC_WARN_64_TO_32_BIT_CONVERSION = YES;
				GCC_WARN_ABOUT_RETURN_TYPE = YES_ERROR;
				GCC_WARN_UNDECLARED_SELECTOR = YES;
				GCC_WARN_UNINITIALIZED_AUTOS = YES_AGGRESSIVE;
				GCC_WARN_UNUSED_FUNCTION = YES;
				GCC_WARN_UNUSED_VARIABLE = YES;
				IPHONEOS_DEPLOYMENT_TARGET = 17.5;
				LOCALIZATION_PREFERS_STRING_CATALOGS = YES;
				MTL_ENABLE_DEBUG_INFO = NO;
				MTL_FAST_MATH = YES;
				SDKROOT = iphoneos;
				SWIFT_COMPILATION_MODE = wholemodule;
				VALIDATE_PRODUCT = YES;
			};
			name = Release;
		};
		D9091F1C2C3DB3AD00A3410D /* Debug */ = {
			isa = XCBuildConfiguration;
			buildSettings = {
				ASSETCATALOG_COMPILER_APPICON_NAME = AppIcon;
				ASSETCATALOG_COMPILER_GLOBAL_ACCENT_COLOR_NAME = AccentColor;
				CODE_SIGN_STYLE = Automatic;
				CURRENT_PROJECT_VERSION = 1;
				GENERATE_INFOPLIST_FILE = YES;
				INFOPLIST_FILE = SimpleWeatherApp/Info.plist;
				INFOPLIST_KEY_UIApplicationSupportsIndirectInputEvents = YES;
				INFOPLIST_KEY_UILaunchStoryboardName = LaunchScreen;
				INFOPLIST_KEY_UIMainStoryboardFile = Main;
				INFOPLIST_KEY_UISupportedInterfaceOrientations_iPad = "UIInterfaceOrientationPortrait UIInterfaceOrientationPortraitUpsideDown UIInterfaceOrientationLandscapeLeft UIInterfaceOrientationLandscapeRight";
				INFOPLIST_KEY_UISupportedInterfaceOrientations_iPhone = "UIInterfaceOrientationPortrait UIInterfaceOrientationLandscapeLeft UIInterfaceOrientationLandscapeRight";
				LD_RUNPATH_SEARCH_PATHS = (
					"$(inherited)",
					"@executable_path/Frameworks",
				);
				MARKETING_VERSION = 1.0;
				PRODUCT_BUNDLE_IDENTIFIER = com.example.kjubar.SimpleWeatherApp;
				PRODUCT_NAME = "$(TARGET_NAME)";
				SWIFT_EMIT_LOC_STRINGS = YES;
				SWIFT_VERSION = 5.0;
				TARGETED_DEVICE_FAMILY = "1,2";
			};
			name = Debug;
		};
		D9091F1D2C3DB3AD00A3410D /* Release */ = {
			isa = XCBuildConfiguration;
			buildSettings = {
				ASSETCATALOG_COMPILER_APPICON_NAME = AppIcon;
				ASSETCATALOG_COMPILER_GLOBAL_ACCENT_COLOR_NAME = AccentColor;
				CODE_SIGN_STYLE = Automatic;
				CURRENT_PROJECT_VERSION = 1;
				GENERATE_INFOPLIST_FILE = YES;
				INFOPLIST_FILE = SimpleWeatherApp/Info.plist;
				INFOPLIST_KEY_UIApplicationSupportsIndirectInputEvents = YES;
				INFOPLIST_KEY_UILaunchStoryboardName = LaunchScreen;
				INFOPLIST_KEY_UIMainStoryboardFile = Main;
				INFOPLIST_KEY_UISupportedInterfaceOrientations_iPad = "UIInterfaceOrientationPortrait UIInterfaceOrientationPortraitUpsideDown UIInterfaceOrientationLandscapeLeft UIInterfaceOrientationLandscapeRight";
				INFOPLIST_KEY_UISupportedInterfaceOrientations_iPhone = "UIInterfaceOrientationPortrait UIInterfaceOrientationLandscapeLeft UIInterfaceOrientationLandscapeRight";
				LD_RUNPATH_SEARCH_PATHS = (
					"$(inherited)",
					"@executable_path/Frameworks",
				);
				MARKETING_VERSION = 1.0;
				PRODUCT_BUNDLE_IDENTIFIER = com.example.kjubar.SimpleWeatherApp;
				PRODUCT_NAME = "$(TARGET_NAME)";
				SWIFT_EMIT_LOC_STRINGS = YES;
				SWIFT_VERSION = 5.0;
				TARGETED_DEVICE_FAMILY = "1,2";
			};
			name = Release;
		};
/* End XCBuildConfiguration section */

/* Begin XCConfigurationList section */
		D9091F022C3DB3AC00A3410D /* Build configuration list for PBXProject "SimpleWeatherApp" */ = {
			isa = XCConfigurationList;
			buildConfigurations = (
				D9091F192C3DB3AD00A3410D /* Debug */,
				D9091F1A2C3DB3AD00A3410D /* Release */,
			);
			defaultConfigurationIsVisible = 0;
			defaultConfigurationName = Release;
		};
		D9091F1B2C3DB3AD00A3410D /* Build configuration list for PBXNativeTarget "SimpleWeatherApp" */ = {
			isa = XCConfigurationList;
			buildConfigurations = (
				D9091F1C2C3DB3AD00A3410D /* Debug */,
				D9091F1D2C3DB3AD00A3410D /* Release */,
			);
			defaultConfigurationIsVisible = 0;
			defaultConfigurationName = Release;
		};
/* End XCConfigurationList section */
	};
	rootObject = D9091EFF2C3DB3AC00A3410D /* Project object */;
}
